
Microsoft Visual Studio Solution File, Format Version 12.00
# Visual Studio Version 16
VisualStudioVersion = 16.0.30804.86
MinimumVisualStudioVersion = 10.0.40219.1
Project("{FAE04EC0-301F-11D3-BF4B-00C04F79EFBC}") = "Course work. GTEK. Database of the company's products", "Course work. GTEK. Database of the company's products.csproj", "{F43E8B70-E152-4769-8F13-AC7B514BDAF1}"
EndProject
Global
	GlobalSection(SolutionConfigurationPlatforms) = preSolution
		Debug|Any CPU = Debug|Any CPU
		Release|Any CPU = Release|Any CPU
	EndGlobalSection
	GlobalSection(ProjectConfigurationPlatforms) = postSolution
		{F43E8B70-E152-4769-8F13-AC7B514BDAF1}.Debug|Any CPU.ActiveCfg = Debug|Any CPU
		{F43E8B70-E152-4769-8F13-AC7B514BDAF1}.Debug|Any CPU.Build.0 = Debug|Any CPU
		{F43E8B70-E152-4769-8F13-AC7B514BDAF1}.Release|Any CPU.ActiveCfg = Release|Any CPU
		{F43E8B70-E152-4769-8F13-AC7B514BDAF1}.Release|Any CPU.Build.0 = Release|Any CPU
	EndGlobalSection
	GlobalSection(SolutionProperties) = preSolution
		HideSolutionNode = FALSE
	EndGlobalSection
	GlobalSection(ExtensibilityGlobals) = postSolution
		SolutionGuid = {7DFEEE66-647D-413D-AEAC-6E662FC96353}
	EndGlobalSection
EndGlobal
